
Microsoft Visual Studio Solution File, Format Version 12.00
# Visual Studio 14
VisualStudioVersion = 14.0.23107.0
MinimumVisualStudioVersion = 10.0.40219.1
Project("{FAE04EC0-301F-11D3-BF4B-00C04F79EFBC}") = "SimpleFO", "SimpleFO\SimpleFO.csproj", "{5B0ED9FE-2D6C-427F-80A2-A1C661CCD369}"
EndProject
Project("{FAE04EC0-301F-11D3-BF4B-00C04F79EFBC}") = "SimpleFO.Tests", "SimpleFO.Tests\SimpleFO.Tests.csproj", "{4574780F-5AEB-49B8-BE04-CD14F6169B6C}"
EndProject
Global
	GlobalSection(SolutionConfigurationPlatforms) = preSolution
		Debug|Any CPU = Debug|Any CPU
		Release|Any CPU = Release|Any CPU
	EndGlobalSection
	GlobalSection(ProjectConfigurationPlatforms) = postSolution
		{5B0ED9FE-2D6C-427F-80A2-A1C661CCD369}.Debug|Any CPU.ActiveCfg = Debug|Any CPU
		{5B0ED9FE-2D6C-427F-80A2-A1C661CCD369}.Debug|Any CPU.Build.0 = Debug|Any CPU
		{5B0ED9FE-2D6C-427F-80A2-A1C661CCD369}.Release|Any CPU.ActiveCfg = Release|Any CPU
		{5B0ED9FE-2D6C-427F-80A2-A1C661CCD369}.Release|Any CPU.Build.0 = Release|Any CPU
		{4574780F-5AEB-49B8-BE04-CD14F6169B6C}.Debug|Any CPU.ActiveCfg = Debug|Any CPU
		{4574780F-5AEB-49B8-BE04-CD14F6169B6C}.Debug|Any CPU.Build.0 = Debug|Any CPU
		{4574780F-5AEB-49B8-BE04-CD14F6169B6C}.Release|Any CPU.ActiveCfg = Release|Any CPU
		{4574780F-5AEB-49B8-BE04-CD14F6169B6C}.Release|Any CPU.Build.0 = Release|Any CPU
	EndGlobalSection
	GlobalSection(SolutionProperties) = preSolution
		HideSolutionNode = FALSE
	EndGlobalSection
EndGlobal
